
Microsoft Visual Studio Solution File, Format Version 12.00
# Visual Studio 15
VisualStudioVersion = 15.0.28307.1927
MinimumVisualStudioVersion = 10.0.40219.1
Project("{FAE04EC0-301F-11D3-BF4B-00C04F79EFBC}") = "Persis_AND_Anti-Sandbox", "Persis_AND_Anti-Sandbox\Persis_AND_Anti-Sandbox.csproj", "{48DD6C6F-AA5F-4E2E-940B-871A49EB03F5}"
EndProject
Global
	GlobalSection(SolutionConfigurationPlatforms) = preSolution
		Debug|Any CPU = Debug|Any CPU
		Release|Any CPU = Release|Any CPU
	EndGlobalSection
	GlobalSection(ProjectConfigurationPlatforms) = postSolution
		{48DD6C6F-AA5F-4E2E-940B-871A49EB03F5}.Debug|Any CPU.ActiveCfg = Debug|Any CPU
		{48DD6C6F-AA5F-4E2E-940B-871A49EB03F5}.Debug|Any CPU.Build.0 = Debug|Any CPU
		{48DD6C6F-AA5F-4E2E-940B-871A49EB03F5}.Release|Any CPU.ActiveCfg = Release|Any CPU
		{48DD6C6F-AA5F-4E2E-940B-871A49EB03F5}.Release|Any CPU.Build.0 = Release|Any CPU
	EndGlobalSection
	GlobalSection(SolutionProperties) = preSolution
		HideSolutionNode = FALSE
	EndGlobalSection
	GlobalSection(ExtensibilityGlobals) = postSolution
		SolutionGuid = {9C408CD2-1F94-45D8-A26C-CB94C4C8A16B}
	EndGlobalSection
EndGlobal
